{
  "nodes": {
    "flake-utils": {
      "inputs": {
        "systems": "systems"
      },
      "locked": {
        "lastModified": 1726560853,
        "narHash": "sha256-X6rJYSESBVr3hBoH0WbKE5KvhPU5bloyZ2L4K60/fPQ=",
        "owner": "numtide",
        "repo": "flake-utils",
        "rev": "c1dfcf08411b08f6b8615f7d8971a2bfa81d5e8a",
        "type": "github"
      },
      "original": {
        "owner": "numtide",
        "repo": "flake-utils",
        "type": "github"
      }
    },
    "nixos-hardware": {
      "locked": {
        "lastModified": 1730520317,
        "narHash": "sha256-IH+vuP/F4zdOwmbCNXtszaCbzAiqx5O72NwtlTv+Nco=",
        "owner": "NixOS",
        "repo": "nixos-hardware",
        "rev": "d3986e78856a70d0b38d9e88dc39390556c2e962",
        "type": "github"
      },
      "original": {
        "owner": "NixOS",
        "repo": "nixos-hardware",
        "type": "github"
      }
    },
    "nixpkgs": {
      "inputs": {
        "flake-utils": "flake-utils",
        "nixpkgs": "nixpkgs_2"
      },
      "locked": {
        "lastModified": 1730529005,
        "narHash": "sha256-Y3fwgzxZj9IMEJnGuA7m5/rZNRzLevlletC6rYCRnjQ=",
        "owner": "anmonteiro",
        "repo": "nix-overlays",
        "rev": "c662aed3246c0cb4f128cc53a1a003824f62e244",
        "type": "github"
      },
      "original": {
        "owner": "anmonteiro",
        "repo": "nix-overlays",
        "type": "github"
      }
    },
    "nixpkgs_2": {
      "locked": {
        "lastModified": 1730449684,
        "narHash": "sha256-Hlv3rTPxnO+DpKRXw9yjzERLdk05h7+fEbZxWM2taCw=",
        "owner": "NixOS",
        "repo": "nixpkgs",
        "rev": "ab464abbeb3a2833288c6e907488c49c2e599f88",
        "type": "github"
      },
      "original": {
        "owner": "NixOS",
        "repo": "nixpkgs",
        "rev": "ab464abbeb3a2833288c6e907488c49c2e599f88",
        "type": "github"
      }
    },
    "root": {
      "inputs": {
        "nixos-hardware": "nixos-hardware",
        "nixpkgs": "nixpkgs"
      }
    },
    "systems": {
      "locked": {
        "lastModified": 1681028828,
        "narHash": "sha256-Vy1rq5AaRuLzOxct8nz4T6wlgyUR7zLU309k9mBC768=",
        "owner": "nix-systems",
        "repo": "default",
        "rev": "da67096a3b9bf56a91d16901293e51ba5b49a27e",
        "type": "github"
      },
      "original": {
        "owner": "nix-systems",
        "repo": "default",
        "type": "github"
      }
    }
  },
  "root": "root",
  "version": 7
}
