{
  "nodes": {
    "crane": {
      "locked": {
        "lastModified": 1773857772,
        "narHash": "sha256-5xsK26KRHf0WytBtsBnQYC/lTWDhQuT57HJ7SzuqZcM=",
        "owner": "ipetkov",
        "repo": "crane",
        "rev": "b556d7bbae5ff86e378451511873dfd07e4504cd",
        "type": "github"
      },
      "original": {
        "owner": "ipetkov",
        "repo": "crane",
        "type": "github"
      }
    },
    "fff": {
      "inputs": {
        "crane": "crane",
        "flake-utils": "flake-utils",
        "nixpkgs": "nixpkgs",
        "rust-overlay": "rust-overlay"
      },
      "locked": {
        "lastModified": 1775296384,
        "narHash": "sha256-+Ly8W6TfbCMs3BqDtNByo5WXhWcpv4A5mjo97zvWdTM=",
        "owner": "dmtrKovalenko",
        "repo": "fff.nvim",
        "rev": "db4cd2825c32e5e53e12bb8af106ff724d33904e",
        "type": "github"
      },
      "original": {
        "owner": "dmtrKovalenko",
        "repo": "fff.nvim",
        "rev": "db4cd2825c32e5e53e12bb8af106ff724d33904e",
        "type": "github"
      }
    },
    "fff-cli": {
      "inputs": {
        "fff": [
          "fff"
        ],
        "nixpkgs": [
          "nixpkgs"
        ]
      },
      "locked": {
        "lastModified": 1775452428,
        "narHash": "sha256-ANHzj/RcjVCP20FnOEDnHE3R2axf3AVpWZ39gMWMnYU=",
        "owner": "anmonteiro",
        "repo": "fff-cli",
        "rev": "607aaa3a0ec75c6200a3234cf6c5227f2a7de850",
        "type": "github"
      },
      "original": {
        "owner": "anmonteiro",
        "repo": "fff-cli",
        "type": "github"
      }
    },
    "flake-utils": {
      "inputs": {
        "systems": "systems"
      },
      "locked": {
        "lastModified": 1731533236,
        "narHash": "sha256-l0KFg5HjrsfsO/JpG+r7fRrqm12kzFHyUHqHCVpMMbI=",
        "owner": "numtide",
        "repo": "flake-utils",
        "rev": "11707dc2f618dd54ca8739b309ec4fc024de578b",
        "type": "github"
      },
      "original": {
        "owner": "numtide",
        "repo": "flake-utils",
        "type": "github"
      }
    },
    "nixos-hardware": {
      "locked": {
        "lastModified": 1775490113,
        "narHash": "sha256-2ZBhDNZZwYkRmefK5XLOusCJHnoeKkoN95hoSGgMxWM=",
        "owner": "NixOS",
        "repo": "nixos-hardware",
        "rev": "c775c2772ba56e906cbeb4e0b2db19079ef11ff7",
        "type": "github"
      },
      "original": {
        "owner": "NixOS",
        "repo": "nixos-hardware",
        "type": "github"
      }
    },
    "nixpkgs": {
      "locked": {
        "lastModified": 1773628058,
        "narHash": "sha256-hpXH0z3K9xv0fHaje136KY872VT2T5uwxtezlAskQgY=",
        "owner": "NixOS",
        "repo": "nixpkgs",
        "rev": "f8573b9c935cfaa162dd62cc9e75ae2db86f85df",
        "type": "github"
      },
      "original": {
        "owner": "NixOS",
        "ref": "nixpkgs-unstable",
        "repo": "nixpkgs",
        "type": "github"
      }
    },
    "nixpkgs_2": {
      "inputs": {
        "nixpkgs": "nixpkgs_3"
      },
      "locked": {
        "lastModified": 1775543615,
        "narHash": "sha256-Ys7N8CzCmbp+9ykHxNurwPd0ADn4LPuN/Vpkd9fhvis=",
        "owner": "anmonteiro",
        "repo": "nix-overlays",
        "rev": "c4ffcaab6c7a14bd3003582d1c33d466d004a8d8",
        "type": "github"
      },
      "original": {
        "owner": "anmonteiro",
        "repo": "nix-overlays",
        "type": "github"
      }
    },
    "nixpkgs_3": {
      "locked": {
        "lastModified": 1775502230,
        "narHash": "sha256-fAftaS6ehYk0cnokkyCyYU78UMFtOzLpxaaIDFFPwVQ=",
        "owner": "NixOS",
        "repo": "nixpkgs",
        "rev": "40a78c7b16a0ecd9a8428fa7129246810da242a9",
        "type": "github"
      },
      "original": {
        "owner": "NixOS",
        "repo": "nixpkgs",
        "rev": "40a78c7b16a0ecd9a8428fa7129246810da242a9",
        "type": "github"
      }
    },
    "root": {
      "inputs": {
        "fff": "fff",
        "fff-cli": "fff-cli",
        "nixos-hardware": "nixos-hardware",
        "nixpkgs": "nixpkgs_2"
      }
    },
    "rust-overlay": {
      "inputs": {
        "nixpkgs": [
          "fff",
          "nixpkgs"
        ]
      },
      "locked": {
        "lastModified": 1773803479,
        "narHash": "sha256-GD6i1F2vrSxbsmbS92+8+x3DbHOJ+yrS78Pm4xigW4M=",
        "owner": "oxalica",
        "repo": "rust-overlay",
        "rev": "f17186f52e82ec5cf40920b58eac63b78692ac7c",
        "type": "github"
      },
      "original": {
        "owner": "oxalica",
        "repo": "rust-overlay",
        "type": "github"
      }
    },
    "systems": {
      "locked": {
        "lastModified": 1681028828,
        "narHash": "sha256-Vy1rq5AaRuLzOxct8nz4T6wlgyUR7zLU309k9mBC768=",
        "owner": "nix-systems",
        "repo": "default",
        "rev": "da67096a3b9bf56a91d16901293e51ba5b49a27e",
        "type": "github"
      },
      "original": {
        "owner": "nix-systems",
        "repo": "default",
        "type": "github"
      }
    }
  },
  "root": "root",
  "version": 7
}
